<?xml version="1.0" encoding="utf-8"?>
<Project ToolsVersion="4.0" xmlns="http://schemas.microsoft.com/developer/msbuild/2003">
  <ItemGroup>
    <Filter Include="Source Files">
      <UniqueIdentifier>{4FC737F1-C7A5-4376-A066-2A32D752A2FF}</UniqueIdentifier>
      <Extensions>cpp;c;cc;cxx;c++;cppm;ixx;def;odl;idl;hpj;bat;asm;asmx</Extensions>
    </Filter>
    <Filter Include="Header Files">
      <UniqueIdentifier>{93995380-89BD-4b04-88EB-625FBE52EBFB}</UniqueIdentifier>
      <Extensions>h;hh;hpp;hxx;h++;hm;inl;inc;ipp;xsd</Extensions>
    </Filter>
  </ItemGroup>
  <ItemGroup>
    <ClCompile Include="src\Asset.cpp">
      <Filter>Source Files</Filter>
    </ClCompile>
    <ClCompile Include="src\Bird.cpp">
      <Filter>Source Files</Filter>
    </ClCompile>
    <ClCompile Include="FlappyBird.cpp">
      <Filter>Source Files</Filter>
    </ClCompile>
    <ClCompile Include="src\Grass.cpp">
      <Filter>Source Files</Filter>
    </ClCompile>
    <ClCompile Include="src\Component.cpp">
      <Filter>Source Files</Filter>
    </ClCompile>
    <ClCompile Include="src\Widget.cpp">
      <Filter>Source Files</Filter>
    </ClCompile>
    <ClCompile Include="src\PlayButton.cpp">
      <Filter>Source Files</Filter>
    </ClCompile>
    <ClCompile Include="src\BottomPipe.cpp">
      <Filter>Source Files</Filter>
    </ClCompile>
    <ClCompile Include="src\TopPipe.cpp">
      <Filter>Source Files</Filter>
    </ClCompile>
    <ClCompile Include="src\Scenario.cpp">
      <Filter>Source Files</Filter>
    </ClCompile>
    <ClCompile Include="src\State.cpp">
      <Filter>Source Files</Filter>
    </ClCompile>
    <ClCompile Include="src\Score.cpp">
      <Filter>Source Files</Filter>
    </ClCompile>
  </ItemGroup>
  <ItemGroup>
    <None Include="packages.config" />
  </ItemGroup>
  <ItemGroup>
    <ClInclude Include="src\include\Asset.h">
      <Filter>Header Files</Filter>
    </ClInclude>
    <ClInclude Include="src\include\Bird.h">
      <Filter>Header Files</Filter>
    </ClInclude>
    <ClInclude Include="src\include\BottomPipe.h">
      <Filter>Header Files</Filter>
    </ClInclude>
    <ClInclude Include="src\include\CollisionBox.h">
      <Filter>Header Files</Filter>
    </ClInclude>
    <ClInclude Include="src\include\Component.h">
      <Filter>Header Files</Filter>
    </ClInclude>
    <ClInclude Include="src\include\Grass.h">
      <Filter>Header Files</Filter>
    </ClInclude>
    <ClInclude Include="src\include\PlayButton.h">
      <Filter>Header Files</Filter>
    </ClInclude>
    <ClInclude Include="src\include\Position.h">
      <Filter>Header Files</Filter>
    </ClInclude>
    <ClInclude Include="src\include\Scenario.h">
      <Filter>Header Files</Filter>
    </ClInclude>
    <ClInclude Include="src\include\State.h">
      <Filter>Header Files</Filter>
    </ClInclude>
    <ClInclude Include="src\include\TopPipe.h">
      <Filter>Header Files</Filter>
    </ClInclude>
    <ClInclude Include="src\include\Widget.h">
      <Filter>Header Files</Filter>
    </ClInclude>
    <ClInclude Include="src\include\Score.h">
      <Filter>Header Files</Filter>
    </ClInclude>
  </ItemGroup>
</Project>